
Microsoft Visual Studio Solution File, Format Version 12.00
# Visual Studio 15
VisualStudioVersion = 15.0.28307.102
MinimumVisualStudioVersion = 10.0.40219.1
Project("{FAE04EC0-301F-11D3-BF4B-00C04F79EFBC}") = "MongoDbUsage", "MongoDbUsage\MongoDbUsage.csproj", "{4E1B0445-DE2D-4667-81CC-C2579882DA34}"
EndProject
Project("{2150E333-8FDC-42A3-9474-1A3956D46DE8}") = "MongoDbScripts", "MongoDbScripts", "{22A2112C-3163-437B-8378-3A6FB28ACF9F}"
	ProjectSection(SolutionItems) = preProject
		scripts.js = scripts.js
	EndProjectSection
EndProject
Global
	GlobalSection(SolutionConfigurationPlatforms) = preSolution
		Debug|Any CPU = Debug|Any CPU
		Release|Any CPU = Release|Any CPU
	EndGlobalSection
	GlobalSection(ProjectConfigurationPlatforms) = postSolution
		{4E1B0445-DE2D-4667-81CC-C2579882DA34}.Debug|Any CPU.ActiveCfg = Debug|Any CPU
		{4E1B0445-DE2D-4667-81CC-C2579882DA34}.Debug|Any CPU.Build.0 = Debug|Any CPU
		{4E1B0445-DE2D-4667-81CC-C2579882DA34}.Release|Any CPU.ActiveCfg = Release|Any CPU
		{4E1B0445-DE2D-4667-81CC-C2579882DA34}.Release|Any CPU.Build.0 = Release|Any CPU
	EndGlobalSection
	GlobalSection(SolutionProperties) = preSolution
		HideSolutionNode = FALSE
	EndGlobalSection
	GlobalSection(ExtensibilityGlobals) = postSolution
		SolutionGuid = {7524A0F6-04C1-40A4-B928-79669CFB9AC4}
	EndGlobalSection
EndGlobal
